
Microsoft Visual Studio Solution File, Format Version 12.00
# Visual Studio Version 17
VisualStudioVersion = 17.6.33723.286
MinimumVisualStudioVersion = 10.0.40219.1
Project("{FAE04EC0-301F-11D3-BF4B-00C04F79EFBC}") = "WebApplication9", "WebApplication9\WebApplication9.csproj", "{0CFB7425-9EA7-4257-9202-696496F7E1AF}"
EndProject
Global
	GlobalSection(SolutionConfigurationPlatforms) = preSolution
		Debug|Any CPU = Debug|Any CPU
		Release|Any CPU = Release|Any CPU
	EndGlobalSection
	GlobalSection(ProjectConfigurationPlatforms) = postSolution
		{0CFB7425-9EA7-4257-9202-696496F7E1AF}.Debug|Any CPU.ActiveCfg = Debug|Any CPU
		{0CFB7425-9EA7-4257-9202-696496F7E1AF}.Debug|Any CPU.Build.0 = Debug|Any CPU
		{0CFB7425-9EA7-4257-9202-696496F7E1AF}.Release|Any CPU.ActiveCfg = Release|Any CPU
		{0CFB7425-9EA7-4257-9202-696496F7E1AF}.Release|Any CPU.Build.0 = Release|Any CPU
	EndGlobalSection
	GlobalSection(SolutionProperties) = preSolution
		HideSolutionNode = FALSE
	EndGlobalSection
	GlobalSection(ExtensibilityGlobals) = postSolution
		SolutionGuid = {6C957838-DF71-4910-B132-00485C784843}
	EndGlobalSection
EndGlobal
